// !$*UTF8*$!
{
	archiveVersion = 1;
	classes = {
	};
	objectVersion = 55;
	objects = {

/* Begin PBXBuildFile section */
		5B5DCAE327875A260040D436 /* AppDelegate.swift in Sources */ = {isa = PBXBuildFile; fileRef = 5B5DCAE227875A260040D436 /* AppDelegate.swift */; };
		5B5DCAE527875A260040D436 /* SceneDelegate.swift in Sources */ = {isa = PBXBuildFile; fileRef = 5B5DCAE427875A260040D436 /* SceneDelegate.swift */; };
		5B5DCAEC27875A280040D436 /* Assets.xcassets in Resources */ = {isa = PBXBuildFile; fileRef = 5B5DCAEB27875A280040D436 /* Assets.xcassets */; };
		5B5DCAEF27875A280040D436 /* LaunchScreen.storyboard in Resources */ = {isa = PBXBuildFile; fileRef = 5B5DCAED27875A280040D436 /* LaunchScreen.storyboard */; };
		5B5DCB1927875DE80040D436 /* CalculatorViewController.swift in Sources */ = {isa = PBXBuildFile; fileRef = 5B5DCB1827875DE80040D436 /* CalculatorViewController.swift */; };
		5B5DCB1B27875DF10040D436 /* CalculatorView.swift in Sources */ = {isa = PBXBuildFile; fileRef = 5B5DCB1A27875DF10040D436 /* CalculatorView.swift */; };
		5B5DCB1E27875ED50040D436 /* SnapKit in Frameworks */ = {isa = PBXBuildFile; productRef = 5B5DCB1D27875ED50040D436 /* SnapKit */; };
		5B5DCB20278761260040D436 /* Operation.swift in Sources */ = {isa = PBXBuildFile; fileRef = 5B5DCB1F278761260040D436 /* Operation.swift */; };
		5B5DCB22278770BC0040D436 /* CalculatorViewModel.swift in Sources */ = {isa = PBXBuildFile; fileRef = 5B5DCB21278770BC0040D436 /* CalculatorViewModel.swift */; };
		5B5DCB252787799F0040D436 /* Decimal+Utils.swift in Sources */ = {isa = PBXBuildFile; fileRef = 5B5DCB242787799F0040D436 /* Decimal+Utils.swift */; };
		5B5DCB272788CE7A0040D436 /* CalculatorViewModelTest.swift in Sources */ = {isa = PBXBuildFile; fileRef = 5B5DCB262788CE7A0040D436 /* CalculatorViewModelTest.swift */; };
		5B5DCB2B2788D1700040D436 /* CalculatorUITests.swift in Sources */ = {isa = PBXBuildFile; fileRef = 5B5DCB292788D16F0040D436 /* CalculatorUITests.swift */; };
		5B5DCB2C2788D1700040D436 /* CalculatorUITestsLaunchTests.swift in Sources */ = {isa = PBXBuildFile; fileRef = 5B5DCB2A2788D1700040D436 /* CalculatorUITestsLaunchTests.swift */; };
		5B5DCB2F278CA72C0040D436 /* CalcalutorViewModelDelegateDummy.swift in Sources */ = {isa = PBXBuildFile; fileRef = 5B5DCB2E278CA72C0040D436 /* CalcalutorViewModelDelegateDummy.swift */; };
		5B5DCB33278CB0570040D436 /* Double+Round.swift in Sources */ = {isa = PBXBuildFile; fileRef = 5B5DCB32278CB0570040D436 /* Double+Round.swift */; };
		5B5DCB36278CC3820040D436 /* SnapshotTesting in Frameworks */ = {isa = PBXBuildFile; productRef = 5B5DCB35278CC3820040D436 /* SnapshotTesting */; };
		5B5DCB38278CC3A30040D436 /* CalculatorViewControllerTest.swift in Sources */ = {isa = PBXBuildFile; fileRef = 5B5DCB37278CC3A30040D436 /* CalculatorViewControllerTest.swift */; };
/* End PBXBuildFile section */

/* Begin PBXContainerItemProxy section */
		5B5DCAF627875A290040D436 /* PBXContainerItemProxy */ = {
			isa = PBXContainerItemProxy;
			containerPortal = 5B5DCAD727875A260040D436 /* Project object */;
			proxyType = 1;
			remoteGlobalIDString = 5B5DCADE27875A260040D436;
			remoteInfo = Calculator;
		};
		5B5DCB0027875A290040D436 /* PBXContainerItemProxy */ = {
			isa = PBXContainerItemProxy;
			containerPortal = 5B5DCAD727875A260040D436 /* Project object */;
			proxyType = 1;
			remoteGlobalIDString = 5B5DCADE27875A260040D436;
			remoteInfo = Calculator;
		};
/* End PBXContainerItemProxy section */

/* Begin PBXFileReference section */
		5B5DCADF27875A260040D436 /* Calculator.app */ = {isa = PBXFileReference; explicitFileType = wrapper.application; includeInIndex = 0; path = Calculator.app; sourceTree = BUILT_PRODUCTS_DIR; };
		5B5DCAE227875A260040D436 /* AppDelegate.swift */ = {isa = PBXFileReference; lastKnownFileType = sourcecode.swift; path = AppDelegate.swift; sourceTree = "<group>"; };
		5B5DCAE427875A260040D436 /* SceneDelegate.swift */ = {isa = PBXFileReference; lastKnownFileType = sourcecode.swift; path = SceneDelegate.swift; sourceTree = "<group>"; };
		5B5DCAEB27875A280040D436 /* Assets.xcassets */ = {isa = PBXFileReference; lastKnownFileType = folder.assetcatalog; path = Assets.xcassets; sourceTree = "<group>"; };
		5B5DCAEE27875A280040D436 /* Base */ = {isa = PBXFileReference; lastKnownFileType = file.storyboard; name = Base; path = Base.lproj/LaunchScreen.storyboard; sourceTree = "<group>"; };
		5B5DCAF027875A280040D436 /* Info.plist */ = {isa = PBXFileReference; lastKnownFileType = text.plist.xml; path = Info.plist; sourceTree = "<group>"; };
		5B5DCAF527875A290040D436 /* CalculatorTests.xctest */ = {isa = PBXFileReference; explicitFileType = wrapper.cfbundle; includeInIndex = 0; path = CalculatorTests.xctest; sourceTree = BUILT_PRODUCTS_DIR; };
		5B5DCAFF27875A290040D436 /* CalculatorUITests.xctest */ = {isa = PBXFileReference; explicitFileType = wrapper.cfbundle; includeInIndex = 0; path = CalculatorUITests.xctest; sourceTree = BUILT_PRODUCTS_DIR; };
		5B5DCB1827875DE80040D436 /* CalculatorViewController.swift */ = {isa = PBXFileReference; lastKnownFileType = sourcecode.swift; path = CalculatorViewController.swift; sourceTree = "<group>"; };
		5B5DCB1A27875DF10040D436 /* CalculatorView.swift */ = {isa = PBXFileReference; lastKnownFileType = sourcecode.swift; path = CalculatorView.swift; sourceTree = "<group>"; };
		5B5DCB1F278761260040D436 /* Operation.swift */ = {isa = PBXFileReference; lastKnownFileType = sourcecode.swift; path = Operation.swift; sourceTree = "<group>"; };
		5B5DCB21278770BC0040D436 /* CalculatorViewModel.swift */ = {isa = PBXFileReference; lastKnownFileType = sourcecode.swift; path = CalculatorViewModel.swift; sourceTree = "<group>"; };
		5B5DCB242787799F0040D436 /* Decimal+Utils.swift */ = {isa = PBXFileReference; lastKnownFileType = sourcecode.swift; path = "Decimal+Utils.swift"; sourceTree = "<group>"; };
		5B5DCB262788CE7A0040D436 /* CalculatorViewModelTest.swift */ = {isa = PBXFileReference; lastKnownFileType = sourcecode.swift; path = CalculatorViewModelTest.swift; sourceTree = "<group>"; };
		5B5DCB282788D16F0040D436 /* CalculatorUITests-Bridging-Header.h */ = {isa = PBXFileReference; lastKnownFileType = sourcecode.c.h; path = "CalculatorUITests-Bridging-Header.h"; sourceTree = "<group>"; };
		5B5DCB292788D16F0040D436 /* CalculatorUITests.swift */ = {isa = PBXFileReference; fileEncoding = 4; lastKnownFileType = sourcecode.swift; path = CalculatorUITests.swift; sourceTree = "<group>"; };
		5B5DCB2A2788D1700040D436 /* CalculatorUITestsLaunchTests.swift */ = {isa = PBXFileReference; fileEncoding = 4; lastKnownFileType = sourcecode.swift; path = CalculatorUITestsLaunchTests.swift; sourceTree = "<group>"; };
		5B5DCB2E278CA72C0040D436 /* CalcalutorViewModelDelegateDummy.swift */ = {isa = PBXFileReference; lastKnownFileType = sourcecode.swift; path = CalcalutorViewModelDelegateDummy.swift; sourceTree = "<group>"; };
		5B5DCB32278CB0570040D436 /* Double+Round.swift */ = {isa = PBXFileReference; lastKnownFileType = sourcecode.swift; path = "Double+Round.swift"; sourceTree = "<group>"; };
		5B5DCB37278CC3A30040D436 /* CalculatorViewControllerTest.swift */ = {isa = PBXFileReference; lastKnownFileType = sourcecode.swift; path = CalculatorViewControllerTest.swift; sourceTree = "<group>"; };
/* End PBXFileReference section */

/* Begin PBXFrameworksBuildPhase section */
		5B5DCADC27875A260040D436 /* Frameworks */ = {
			isa = PBXFrameworksBuildPhase;
			buildActionMask = 2147483647;
			files = (
				5B5DCB1E27875ED50040D436 /* SnapKit in Frameworks */,
			);
			runOnlyForDeploymentPostprocessing = 0;
		};
		5B5DCAF227875A290040D436 /* Frameworks */ = {
			isa = PBXFrameworksBuildPhase;
			buildActionMask = 2147483647;
			files = (
				5B5DCB36278CC3820040D436 /* SnapshotTesting in Frameworks */,
			);
			runOnlyForDeploymentPostprocessing = 0;
		};
		5B5DCAFC27875A290040D436 /* Frameworks */ = {
			isa = PBXFrameworksBuildPhase;
			buildActionMask = 2147483647;
			files = (
			);
			runOnlyForDeploymentPostprocessing = 0;
		};
/* End PBXFrameworksBuildPhase section */

/* Begin PBXGroup section */
		5B5DCAD627875A260040D436 = {
			isa = PBXGroup;
			children = (
				5B5DCAE127875A260040D436 /* Calculator */,
				5B5DCAF827875A290040D436 /* CalculatorTests */,
				5B5DCB0227875A290040D436 /* CalculatorUITests */,
				5B5DCAE027875A260040D436 /* Products */,
			);
			sourceTree = "<group>";
		};
		5B5DCAE027875A260040D436 /* Products */ = {
			isa = PBXGroup;
			children = (
				5B5DCADF27875A260040D436 /* Calculator.app */,
				5B5DCAF527875A290040D436 /* CalculatorTests.xctest */,
				5B5DCAFF27875A290040D436 /* CalculatorUITests.xctest */,
			);
			name = Products;
			sourceTree = "<group>";
		};
		5B5DCAE127875A260040D436 /* Calculator */ = {
			isa = PBXGroup;
			children = (
				5B5DCB232787798B0040D436 /* Extensions */,
				5B5DCB1427875D1B0040D436 /* ViewModel */,
				5B5DCB1327875D150040D436 /* View */,
				5B5DCB1227875D0F0040D436 /* Model */,
				5B5DCAE227875A260040D436 /* AppDelegate.swift */,
				5B5DCAE427875A260040D436 /* SceneDelegate.swift */,
				5B5DCAEB27875A280040D436 /* Assets.xcassets */,
				5B5DCAED27875A280040D436 /* LaunchScreen.storyboard */,
				5B5DCAF027875A280040D436 /* Info.plist */,
			);
			path = Calculator;
			sourceTree = "<group>";
		};
		5B5DCAF827875A290040D436 /* CalculatorTests */ = {
			isa = PBXGroup;
			children = (
				5B5DCB2D278CA6FA0040D436 /* Dummies */,
				5B5DCB262788CE7A0040D436 /* CalculatorViewModelTest.swift */,
				5B5DCB37278CC3A30040D436 /* CalculatorViewControllerTest.swift */,
			);
			path = CalculatorTests;
			sourceTree = "<group>";
		};
		5B5DCB0227875A290040D436 /* CalculatorUITests */ = {
			isa = PBXGroup;
			children = (
				5B5DCB292788D16F0040D436 /* CalculatorUITests.swift */,
				5B5DCB2A2788D1700040D436 /* CalculatorUITestsLaunchTests.swift */,
				5B5DCB282788D16F0040D436 /* CalculatorUITests-Bridging-Header.h */,
			);
			path = CalculatorUITests;
			sourceTree = "<group>";
		};
		5B5DCB1227875D0F0040D436 /* Model */ = {
			isa = PBXGroup;
			children = (
				5B5DCB1F278761260040D436 /* Operation.swift */,
			);
			path = Model;
			sourceTree = "<group>";
		};
		5B5DCB1327875D150040D436 /* View */ = {
			isa = PBXGroup;
			children = (
				5B5DCB1827875DE80040D436 /* CalculatorViewController.swift */,
				5B5DCB1A27875DF10040D436 /* CalculatorView.swift */,
			);
			path = View;
			sourceTree = "<group>";
		};
		5B5DCB1427875D1B0040D436 /* ViewModel */ = {
			isa = PBXGroup;
			children = (
				5B5DCB21278770BC0040D436 /* CalculatorViewModel.swift */,
			);
			path = ViewModel;
			sourceTree = "<group>";
		};
		5B5DCB232787798B0040D436 /* Extensions */ = {
			isa = PBXGroup;
			children = (
				5B5DCB242787799F0040D436 /* Decimal+Utils.swift */,
				5B5DCB32278CB0570040D436 /* Double+Round.swift */,
			);
			path = Extensions;
			sourceTree = "<group>";
		};
		5B5DCB2D278CA6FA0040D436 /* Dummies */ = {
			isa = PBXGroup;
			children = (
				5B5DCB2E278CA72C0040D436 /* CalcalutorViewModelDelegateDummy.swift */,
			);
			path = Dummies;
			sourceTree = "<group>";
		};
/* End PBXGroup section */

/* Begin PBXNativeTarget section */
		5B5DCADE27875A260040D436 /* Calculator */ = {
			isa = PBXNativeTarget;
			buildConfigurationList = 5B5DCB0927875A290040D436 /* Build configuration list for PBXNativeTarget "Calculator" */;
			buildPhases = (
				5B5DCADB27875A260040D436 /* Sources */,
				5B5DCADC27875A260040D436 /* Frameworks */,
				5B5DCADD27875A260040D436 /* Resources */,
			);
			buildRules = (
			);
			dependencies = (
			);
			name = Calculator;
			packageProductDependencies = (
				5B5DCB1D27875ED50040D436 /* SnapKit */,
			);
			productName = Calculator;
			productReference = 5B5DCADF27875A260040D436 /* Calculator.app */;
			productType = "com.apple.product-type.application";
		};
		5B5DCAF427875A290040D436 /* CalculatorTests */ = {
			isa = PBXNativeTarget;
			buildConfigurationList = 5B5DCB0C27875A290040D436 /* Build configuration list for PBXNativeTarget "CalculatorTests" */;
			buildPhases = (
				5B5DCAF127875A290040D436 /* Sources */,
				5B5DCAF227875A290040D436 /* Frameworks */,
				5B5DCAF327875A290040D436 /* Resources */,
			);
			buildRules = (
			);
			dependencies = (
				5B5DCAF727875A290040D436 /* PBXTargetDependency */,
			);
			name = CalculatorTests;
			packageProductDependencies = (
				5B5DCB35278CC3820040D436 /* SnapshotTesting */,
			);
			productName = CalculatorTests;
			productReference = 5B5DCAF527875A290040D436 /* CalculatorTests.xctest */;
			productType = "com.apple.product-type.bundle.unit-test";
		};
		5B5DCAFE27875A290040D436 /* CalculatorUITests */ = {
			isa = PBXNativeTarget;
			buildConfigurationList = 5B5DCB0F27875A290040D436 /* Build configuration list for PBXNativeTarget "CalculatorUITests" */;
			buildPhases = (
				5B5DCAFB27875A290040D436 /* Sources */,
				5B5DCAFC27875A290040D436 /* Frameworks */,
				5B5DCAFD27875A290040D436 /* Resources */,
			);
			buildRules = (
			);
			dependencies = (
				5B5DCB0127875A290040D436 /* PBXTargetDependency */,
			);
			name = CalculatorUITests;
			productName = CalculatorUITests;
			productReference = 5B5DCAFF27875A290040D436 /* CalculatorUITests.xctest */;
			productType = "com.apple.product-type.bundle.ui-testing";
		};
/* End PBXNativeTarget section */

/* Begin PBXProject section */
		5B5DCAD727875A260040D436 /* Project object */ = {
			isa = PBXProject;
			attributes = {
				BuildIndependentTargetsInParallel = 1;
				LastSwiftUpdateCheck = 1320;
				LastUpgradeCheck = 1320;
				TargetAttributes = {
					5B5DCADE27875A260040D436 = {
						CreatedOnToolsVersion = 13.2.1;
					};
					5B5DCAF427875A290040D436 = {
						CreatedOnToolsVersion = 13.2.1;
						TestTargetID = 5B5DCADE27875A260040D436;
					};
					5B5DCAFE27875A290040D436 = {
						CreatedOnToolsVersion = 13.2.1;
						LastSwiftMigration = 1320;
						TestTargetID = 5B5DCADE27875A260040D436;
					};
				};
			};
			buildConfigurationList = 5B5DCADA27875A260040D436 /* Build configuration list for PBXProject "Calculator" */;
			compatibilityVersion = "Xcode 13.0";
			developmentRegion = en;
			hasScannedForEncodings = 0;
			knownRegions = (
				en,
				Base,
			);
			mainGroup = 5B5DCAD627875A260040D436;
			packageReferences = (
				5B5DCB1C27875ED50040D436 /* XCRemoteSwiftPackageReference "SnapKit" */,
				5B5DCB34278CC3820040D436 /* XCRemoteSwiftPackageReference "swift-snapshot-testing" */,
			);
			productRefGroup = 5B5DCAE027875A260040D436 /* Products */;
			projectDirPath = "";
			projectRoot = "";
			targets = (
				5B5DCADE27875A260040D436 /* Calculator */,
				5B5DCAF427875A290040D436 /* CalculatorTests */,
				5B5DCAFE27875A290040D436 /* CalculatorUITests */,
			);
		};
/* End PBXProject section */

/* Begin PBXResourcesBuildPhase section */
		5B5DCADD27875A260040D436 /* Resources */ = {
			isa = PBXResourcesBuildPhase;
			buildActionMask = 2147483647;
			files = (
				5B5DCAEF27875A280040D436 /* LaunchScreen.storyboard in Resources */,
				5B5DCAEC27875A280040D436 /* Assets.xcassets in Resources */,
			);
			runOnlyForDeploymentPostprocessing = 0;
		};
		5B5DCAF327875A290040D436 /* Resources */ = {
			isa = PBXResourcesBuildPhase;
			buildActionMask = 2147483647;
			files = (
			);
			runOnlyForDeploymentPostprocessing = 0;
		};
		5B5DCAFD27875A290040D436 /* Resources */ = {
			isa = PBXResourcesBuildPhase;
			buildActionMask = 2147483647;
			files = (
			);
			runOnlyForDeploymentPostprocessing = 0;
		};
/* End PBXResourcesBuildPhase section */

/* Begin PBXSourcesBuildPhase section */
		5B5DCADB27875A260040D436 /* Sources */ = {
			isa = PBXSourcesBuildPhase;
			buildActionMask = 2147483647;
			files = (
				5B5DCB1B27875DF10040D436 /* CalculatorView.swift in Sources */,
				5B5DCB252787799F0040D436 /* Decimal+Utils.swift in Sources */,
				5B5DCAE327875A260040D436 /* AppDelegate.swift in Sources */,
				5B5DCB33278CB0570040D436 /* Double+Round.swift in Sources */,
				5B5DCB1927875DE80040D436 /* CalculatorViewController.swift in Sources */,
				5B5DCB20278761260040D436 /* Operation.swift in Sources */,
				5B5DCB22278770BC0040D436 /* CalculatorViewModel.swift in Sources */,
				5B5DCAE527875A260040D436 /* SceneDelegate.swift in Sources */,
			);
			runOnlyForDeploymentPostprocessing = 0;
		};
		5B5DCAF127875A290040D436 /* Sources */ = {
			isa = PBXSourcesBuildPhase;
			buildActionMask = 2147483647;
			files = (
				5B5DCB2F278CA72C0040D436 /* CalcalutorViewModelDelegateDummy.swift in Sources */,
				5B5DCB272788CE7A0040D436 /* CalculatorViewModelTest.swift in Sources */,
				5B5DCB38278CC3A30040D436 /* CalculatorViewControllerTest.swift in Sources */,
			);
			runOnlyForDeploymentPostprocessing = 0;
		};
		5B5DCAFB27875A290040D436 /* Sources */ = {
			isa = PBXSourcesBuildPhase;
			buildActionMask = 2147483647;
			files = (
				5B5DCB2C2788D1700040D436 /* CalculatorUITestsLaunchTests.swift in Sources */,
				5B5DCB2B2788D1700040D436 /* CalculatorUITests.swift in Sources */,
			);
			runOnlyForDeploymentPostprocessing = 0;
		};
/* End PBXSourcesBuildPhase section */

/* Begin PBXTargetDependency section */
		5B5DCAF727875A290040D436 /* PBXTargetDependency */ = {
			isa = PBXTargetDependency;
			target = 5B5DCADE27875A260040D436 /* Calculator */;
			targetProxy = 5B5DCAF627875A290040D436 /* PBXContainerItemProxy */;
		};
		5B5DCB0127875A290040D436 /* PBXTargetDependency */ = {
			isa = PBXTargetDependency;
			target = 5B5DCADE27875A260040D436 /* Calculator */;
			targetProxy = 5B5DCB0027875A290040D436 /* PBXContainerItemProxy */;
		};
/* End PBXTargetDependency section */

/* Begin PBXVariantGroup section */
		5B5DCAED27875A280040D436 /* LaunchScreen.storyboard */ = {
			isa = PBXVariantGroup;
			children = (
				5B5DCAEE27875A280040D436 /* Base */,
			);
			name = LaunchScreen.storyboard;
			sourceTree = "<group>";
		};
/* End PBXVariantGroup section */

/* Begin XCBuildConfiguration section */
		5B5DCB0727875A290040D436 /* Debug */ = {
			isa = XCBuildConfiguration;
			buildSettings = {
				ALWAYS_SEARCH_USER_PATHS = NO;
				CLANG_ANALYZER_NONNULL = YES;
				CLANG_ANALYZER_NUMBER_OBJECT_CONVERSION = YES_AGGRESSIVE;
				CLANG_CXX_LANGUAGE_STANDARD = "gnu++17";
				CLANG_CXX_LIBRARY = "libc++";
				CLANG_ENABLE_MODULES = YES;
				CLANG_ENABLE_OBJC_ARC = YES;
				CLANG_ENABLE_OBJC_WEAK = YES;
				CLANG_WARN_BLOCK_CAPTURE_AUTORELEASING = YES;
				CLANG_WARN_BOOL_CONVERSION = YES;
				CLANG_WARN_COMMA = YES;
				CLANG_WARN_CONSTANT_CONVERSION = YES;
				CLANG_WARN_DEPRECATED_OBJC_IMPLEMENTATIONS = YES;
				CLANG_WARN_DIRECT_OBJC_ISA_USAGE = YES_ERROR;
				CLANG_WARN_DOCUMENTATION_COMMENTS = YES;
				CLANG_WARN_EMPTY_BODY = YES;
				CLANG_WARN_ENUM_CONVERSION = YES;
				CLANG_WARN_INFINITE_RECURSION = YES;
				CLANG_WARN_INT_CONVERSION = YES;
				CLANG_WARN_NON_LITERAL_NULL_CONVERSION = YES;
				CLANG_WARN_OBJC_IMPLICIT_RETAIN_SELF = YES;
				CLANG_WARN_OBJC_LITERAL_CONVERSION = YES;
				CLANG_WARN_OBJC_ROOT_CLASS = YES_ERROR;
				CLANG_WARN_QUOTED_INCLUDE_IN_FRAMEWORK_HEADER = YES;
				CLANG_WARN_RANGE_LOOP_ANALYSIS = YES;
				CLANG_WARN_STRICT_PROTOTYPES = YES;
				CLANG_WARN_SUSPICIOUS_MOVE = YES;
				CLANG_WARN_UNGUARDED_AVAILABILITY = YES_AGGRESSIVE;
				CLANG_WARN_UNREACHABLE_CODE = YES;
				CLANG_WARN__DUPLICATE_METHOD_MATCH = YES;
				COPY_PHASE_STRIP = NO;
				DEBUG_INFORMATION_FORMAT = dwarf;
				ENABLE_STRICT_OBJC_MSGSEND = YES;
				ENABLE_TESTABILITY = YES;
				GCC_C_LANGUAGE_STANDARD = gnu11;
				GCC_DYNAMIC_NO_PIC = NO;
				GCC_NO_COMMON_BLOCKS = YES;
				GCC_OPTIMIZATION_LEVEL = 0;
				GCC_PREPROCESSOR_DEFINITIONS = (
					"DEBUG=1",
					"$(inherited)",
				);
				GCC_WARN_64_TO_32_BIT_CONVERSION = YES;
				GCC_WARN_ABOUT_RETURN_TYPE = YES_ERROR;
				GCC_WARN_UNDECLARED_SELECTOR = YES;
				GCC_WARN_UNINITIALIZED_AUTOS = YES_AGGRESSIVE;
				GCC_WARN_UNUSED_FUNCTION = YES;
				GCC_WARN_UNUSED_VARIABLE = YES;
				IPHONEOS_DEPLOYMENT_TARGET = 15.2;
				MTL_ENABLE_DEBUG_INFO = INCLUDE_SOURCE;
				MTL_FAST_MATH = YES;
				ONLY_ACTIVE_ARCH = YES;
				SDKROOT = iphoneos;
				SWIFT_ACTIVE_COMPILATION_CONDITIONS = DEBUG;
				SWIFT_OPTIMIZATION_LEVEL = "-Onone";
			};
			name = Debug;
		};
		5B5DCB0827875A290040D436 /* Release */ = {
			isa = XCBuildConfiguration;
			buildSettings = {
				ALWAYS_SEARCH_USER_PATHS = NO;
				CLANG_ANALYZER_NONNULL = YES;
				CLANG_ANALYZER_NUMBER_OBJECT_CONVERSION = YES_AGGRESSIVE;
				CLANG_CXX_LANGUAGE_STANDARD = "gnu++17";
				CLANG_CXX_LIBRARY = "libc++";
				CLANG_ENABLE_MODULES = YES;
				CLANG_ENABLE_OBJC_ARC = YES;
				CLANG_ENABLE_OBJC_WEAK = YES;
				CLANG_WARN_BLOCK_CAPTURE_AUTORELEASING = YES;
				CLANG_WARN_BOOL_CONVERSION = YES;
				CLANG_WARN_COMMA = YES;
				CLANG_WARN_CONSTANT_CONVERSION = YES;
				CLANG_WARN_DEPRECATED_OBJC_IMPLEMENTATIONS = YES;
				CLANG_WARN_DIRECT_OBJC_ISA_USAGE = YES_ERROR;
				CLANG_WARN_DOCUMENTATION_COMMENTS = YES;
				CLANG_WARN_EMPTY_BODY = YES;
				CLANG_WARN_ENUM_CONVERSION = YES;
				CLANG_WARN_INFINITE_RECURSION = YES;
				CLANG_WARN_INT_CONVERSION = YES;
				CLANG_WARN_NON_LITERAL_NULL_CONVERSION = YES;
				CLANG_WARN_OBJC_IMPLICIT_RETAIN_SELF = YES;
				CLANG_WARN_OBJC_LITERAL_CONVERSION = YES;
				CLANG_WARN_OBJC_ROOT_CLASS = YES_ERROR;
				CLANG_WARN_QUOTED_INCLUDE_IN_FRAMEWORK_HEADER = YES;
				CLANG_WARN_RANGE_LOOP_ANALYSIS = YES;
				CLANG_WARN_STRICT_PROTOTYPES = YES;
				CLANG_WARN_SUSPICIOUS_MOVE = YES;
				CLANG_WARN_UNGUARDED_AVAILABILITY = YES_AGGRESSIVE;
				CLANG_WARN_UNREACHABLE_CODE = YES;
				CLANG_WARN__DUPLICATE_METHOD_MATCH = YES;
				COPY_PHASE_STRIP = NO;
				DEBUG_INFORMATION_FORMAT = "dwarf-with-dsym";
				ENABLE_NS_ASSERTIONS = NO;
				ENABLE_STRICT_OBJC_MSGSEND = YES;
				GCC_C_LANGUAGE_STANDARD = gnu11;
				GCC_NO_COMMON_BLOCKS = YES;
				GCC_WARN_64_TO_32_BIT_CONVERSION = YES;
				GCC_WARN_ABOUT_RETURN_TYPE = YES_ERROR;
				GCC_WARN_UNDECLARED_SELECTOR = YES;
				GCC_WARN_UNINITIALIZED_AUTOS = YES_AGGRESSIVE;
				GCC_WARN_UNUSED_FUNCTION = YES;
				GCC_WARN_UNUSED_VARIABLE = YES;
				IPHONEOS_DEPLOYMENT_TARGET = 15.2;
				MTL_ENABLE_DEBUG_INFO = NO;
				MTL_FAST_MATH = YES;
				SDKROOT = iphoneos;
				SWIFT_COMPILATION_MODE = wholemodule;
				SWIFT_OPTIMIZATION_LEVEL = "-O";
				VALIDATE_PRODUCT = YES;
			};
			name = Release;
		};
		5B5DCB0A27875A290040D436 /* Debug */ = {
			isa = XCBuildConfiguration;
			buildSettings = {
				ASSETCATALOG_COMPILER_APPICON_NAME = AppIcon;
				ASSETCATALOG_COMPILER_GLOBAL_ACCENT_COLOR_NAME = AccentColor;
				CODE_SIGN_STYLE = Automatic;
				CURRENT_PROJECT_VERSION = 1;
				DEVELOPMENT_TEAM = WK7599VNDW;
				GENERATE_INFOPLIST_FILE = YES;
				INFOPLIST_FILE = Calculator/Info.plist;
				INFOPLIST_KEY_UIApplicationSupportsIndirectInputEvents = YES;
				INFOPLIST_KEY_UILaunchStoryboardName = LaunchScreen;
				INFOPLIST_KEY_UISupportedInterfaceOrientations_iPad = "UIInterfaceOrientationPortrait UIInterfaceOrientationPortraitUpsideDown UIInterfaceOrientationLandscapeLeft UIInterfaceOrientationLandscapeRight";
				INFOPLIST_KEY_UISupportedInterfaceOrientations_iPhone = "UIInterfaceOrientationPortrait UIInterfaceOrientationLandscapeLeft UIInterfaceOrientationLandscapeRight";
				LD_RUNPATH_SEARCH_PATHS = (
					"$(inherited)",
					"@executable_path/Frameworks",
				);
				MARKETING_VERSION = 1.0;
				PRODUCT_BUNDLE_IDENTIFIER = com.gbrlcm.Calculator;
				PRODUCT_NAME = "$(TARGET_NAME)";
				SWIFT_EMIT_LOC_STRINGS = YES;
				SWIFT_VERSION = 5.0;
				TARGETED_DEVICE_FAMILY = "1,2";
			};
			name = Debug;
		};
		5B5DCB0B27875A290040D436 /* Release */ = {
			isa = XCBuildConfiguration;
			buildSettings = {
				ASSETCATALOG_COMPILER_APPICON_NAME = AppIcon;
				ASSETCATALOG_COMPILER_GLOBAL_ACCENT_COLOR_NAME = AccentColor;
				CODE_SIGN_STYLE = Automatic;
				CURRENT_PROJECT_VERSION = 1;
				DEVELOPMENT_TEAM = WK7599VNDW;
				GENERATE_INFOPLIST_FILE = YES;
				INFOPLIST_FILE = Calculator/Info.plist;
				INFOPLIST_KEY_UIApplicationSupportsIndirectInputEvents = YES;
				INFOPLIST_KEY_UILaunchStoryboardName = LaunchScreen;
				INFOPLIST_KEY_UISupportedInterfaceOrientations_iPad = "UIInterfaceOrientationPortrait UIInterfaceOrientationPortraitUpsideDown UIInterfaceOrientationLandscapeLeft UIInterfaceOrientationLandscapeRight";
				INFOPLIST_KEY_UISupportedInterfaceOrientations_iPhone = "UIInterfaceOrientationPortrait UIInterfaceOrientationLandscapeLeft UIInterfaceOrientationLandscapeRight";
				LD_RUNPATH_SEARCH_PATHS = (
					"$(inherited)",
					"@executable_path/Frameworks",
				);
				MARKETING_VERSION = 1.0;
				PRODUCT_BUNDLE_IDENTIFIER = com.gbrlcm.Calculator;
				PRODUCT_NAME = "$(TARGET_NAME)";
				SWIFT_EMIT_LOC_STRINGS = YES;
				SWIFT_VERSION = 5.0;
				TARGETED_DEVICE_FAMILY = "1,2";
			};
			name = Release;
		};
		5B5DCB0D27875A290040D436 /* Debug */ = {
			isa = XCBuildConfiguration;
			buildSettings = {
				ALWAYS_EMBED_SWIFT_STANDARD_LIBRARIES = YES;
				BUNDLE_LOADER = "$(TEST_HOST)";
				CODE_SIGN_STYLE = Automatic;
				CURRENT_PROJECT_VERSION = 1;
				DEVELOPMENT_TEAM = WK7599VNDW;
				GENERATE_INFOPLIST_FILE = YES;
				IPHONEOS_DEPLOYMENT_TARGET = 15.2;
				MARKETING_VERSION = 1.0;
				PRODUCT_BUNDLE_IDENTIFIER = com.gbrlcm.CalculatorTests;
				PRODUCT_NAME = "$(TARGET_NAME)";
				SWIFT_EMIT_LOC_STRINGS = NO;
				SWIFT_VERSION = 5.0;
				TARGETED_DEVICE_FAMILY = "1,2";
				TEST_HOST = "$(BUILT_PRODUCTS_DIR)/Calculator.app/Calculator";
			};
			name = Debug;
		};
		5B5DCB0E27875A290040D436 /* Release */ = {
			isa = XCBuildConfiguration;
			buildSettings = {
				ALWAYS_EMBED_SWIFT_STANDARD_LIBRARIES = YES;
				BUNDLE_LOADER = "$(TEST_HOST)";
				CODE_SIGN_STYLE = Automatic;
				CURRENT_PROJECT_VERSION = 1;
				DEVELOPMENT_TEAM = WK7599VNDW;
				GENERATE_INFOPLIST_FILE = YES;
				IPHONEOS_DEPLOYMENT_TARGET = 15.2;
				MARKETING_VERSION = 1.0;
				PRODUCT_BUNDLE_IDENTIFIER = com.gbrlcm.CalculatorTests;
				PRODUCT_NAME = "$(TARGET_NAME)";
				SWIFT_EMIT_LOC_STRINGS = NO;
				SWIFT_VERSION = 5.0;
				TARGETED_DEVICE_FAMILY = "1,2";
				TEST_HOST = "$(BUILT_PRODUCTS_DIR)/Calculator.app/Calculator";
			};
			name = Release;
		};
		5B5DCB1027875A290040D436 /* Debug */ = {
			isa = XCBuildConfiguration;
			buildSettings = {
				ALWAYS_EMBED_SWIFT_STANDARD_LIBRARIES = YES;
				CLANG_ENABLE_MODULES = YES;
				CODE_SIGN_STYLE = Automatic;
				CURRENT_PROJECT_VERSION = 1;
				DEVELOPMENT_TEAM = WK7599VNDW;
				GENERATE_INFOPLIST_FILE = YES;
				LD_RUNPATH_SEARCH_PATHS = (
					"$(inherited)",
					"@executable_path/Frameworks",
					"@loader_path/Frameworks",
				);
				MARKETING_VERSION = 1.0;
				PRODUCT_BUNDLE_IDENTIFIER = com.gbrlcm.CalculatorUITests;
				PRODUCT_NAME = "$(TARGET_NAME)";
				SWIFT_EMIT_LOC_STRINGS = NO;
				SWIFT_OBJC_BRIDGING_HEADER = "CalculatorUITests/CalculatorUITests-Bridging-Header.h";
				SWIFT_OPTIMIZATION_LEVEL = "-Onone";
				SWIFT_VERSION = 5.0;
				TARGETED_DEVICE_FAMILY = "1,2";
				TEST_TARGET_NAME = Calculator;
			};
			name = Debug;
		};
		5B5DCB1127875A290040D436 /* Release */ = {
			isa = XCBuildConfiguration;
			buildSettings = {
				ALWAYS_EMBED_SWIFT_STANDARD_LIBRARIES = YES;
				CLANG_ENABLE_MODULES = YES;
				CODE_SIGN_STYLE = Automatic;
				CURRENT_PROJECT_VERSION = 1;
				DEVELOPMENT_TEAM = WK7599VNDW;
				GENERATE_INFOPLIST_FILE = YES;
				LD_RUNPATH_SEARCH_PATHS = (
					"$(inherited)",
					"@executable_path/Frameworks",
					"@loader_path/Frameworks",
				);
				MARKETING_VERSION = 1.0;
				PRODUCT_BUNDLE_IDENTIFIER = com.gbrlcm.CalculatorUITests;
				PRODUCT_NAME = "$(TARGET_NAME)";
				SWIFT_EMIT_LOC_STRINGS = NO;
				SWIFT_OBJC_BRIDGING_HEADER = "CalculatorUITests/CalculatorUITests-Bridging-Header.h";
				SWIFT_VERSION = 5.0;
				TARGETED_DEVICE_FAMILY = "1,2";
				TEST_TARGET_NAME = Calculator;
			};
			name = Release;
		};
/* End XCBuildConfiguration section */

/* Begin XCConfigurationList section */
		5B5DCADA27875A260040D436 /* Build configuration list for PBXProject "Calculator" */ = {
			isa = XCConfigurationList;
			buildConfigurations = (
				5B5DCB0727875A290040D436 /* Debug */,
				5B5DCB0827875A290040D436 /* Release */,
			);
			defaultConfigurationIsVisible = 0;
			defaultConfigurationName = Release;
		};
		5B5DCB0927875A290040D436 /* Build configuration list for PBXNativeTarget "Calculator" */ = {
			isa = XCConfigurationList;
			buildConfigurations = (
				5B5DCB0A27875A290040D436 /* Debug */,
				5B5DCB0B27875A290040D436 /* Release */,
			);
			defaultConfigurationIsVisible = 0;
			defaultConfigurationName = Release;
		};
		5B5DCB0C27875A290040D436 /* Build configuration list for PBXNativeTarget "CalculatorTests" */ = {
			isa = XCConfigurationList;
			buildConfigurations = (
				5B5DCB0D27875A290040D436 /* Debug */,
				5B5DCB0E27875A290040D436 /* Release */,
			);
			defaultConfigurationIsVisible = 0;
			defaultConfigurationName = Release;
		};
		5B5DCB0F27875A290040D436 /* Build configuration list for PBXNativeTarget "CalculatorUITests" */ = {
			isa = XCConfigurationList;
			buildConfigurations = (
				5B5DCB1027875A290040D436 /* Debug */,
				5B5DCB1127875A290040D436 /* Release */,
			);
			defaultConfigurationIsVisible = 0;
			defaultConfigurationName = Release;
		};
/* End XCConfigurationList section */

/* Begin XCRemoteSwiftPackageReference section */
		5B5DCB1C27875ED50040D436 /* XCRemoteSwiftPackageReference "SnapKit" */ = {
			isa = XCRemoteSwiftPackageReference;
			repositoryURL = "https://github.com/SnapKit/SnapKit";
			requirement = {
				kind = upToNextMajorVersion;
				minimumVersion = 5.0.0;
			};
		};
		5B5DCB34278CC3820040D436 /* XCRemoteSwiftPackageReference "swift-snapshot-testing" */ = {
			isa = XCRemoteSwiftPackageReference;
			repositoryURL = "https://github.com/pointfreeco/swift-snapshot-testing";
			requirement = {
				branch = main;
				kind = branch;
			};
		};
/* End XCRemoteSwiftPackageReference section */

/* Begin XCSwiftPackageProductDependency section */
		5B5DCB1D27875ED50040D436 /* SnapKit */ = {
			isa = XCSwiftPackageProductDependency;
			package = 5B5DCB1C27875ED50040D436 /* XCRemoteSwiftPackageReference "SnapKit" */;
			productName = SnapKit;
		};
		5B5DCB35278CC3820040D436 /* SnapshotTesting */ = {
			isa = XCSwiftPackageProductDependency;
			package = 5B5DCB34278CC3820040D436 /* XCRemoteSwiftPackageReference "swift-snapshot-testing" */;
			productName = SnapshotTesting;
		};
/* End XCSwiftPackageProductDependency section */
	};
	rootObject = 5B5DCAD727875A260040D436 /* Project object */;
}
